
Microsoft Visual Studio Solution File, Format Version 11.00
# Visual Studio 2010
Project("{FAE04EC0-301F-11D3-BF4B-00C04F79EFBC}") = "TddPatternMatching", "TddPatternMatching\TddPatternMatching.csproj", "{1852DA67-023B-4485-9EEA-F2BD32989030}"
EndProject
Project("{FAE04EC0-301F-11D3-BF4B-00C04F79EFBC}") = "TddPatternMatching.Tests", "TddPatternMatching.Tests\TddPatternMatching.Tests.csproj", "{FFEA120B-8E1D-4931-A032-641EFADBDABE}"
EndProject
Global
	GlobalSection(SolutionConfigurationPlatforms) = preSolution
		Debug|Any CPU = Debug|Any CPU
		Release|Any CPU = Release|Any CPU
	EndGlobalSection
	GlobalSection(ProjectConfigurationPlatforms) = postSolution
		{1852DA67-023B-4485-9EEA-F2BD32989030}.Debug|Any CPU.ActiveCfg = Debug|Any CPU
		{1852DA67-023B-4485-9EEA-F2BD32989030}.Debug|Any CPU.Build.0 = Debug|Any CPU
		{1852DA67-023B-4485-9EEA-F2BD32989030}.Release|Any CPU.ActiveCfg = Release|Any CPU
		{1852DA67-023B-4485-9EEA-F2BD32989030}.Release|Any CPU.Build.0 = Release|Any CPU
		{FFEA120B-8E1D-4931-A032-641EFADBDABE}.Debug|Any CPU.ActiveCfg = Debug|Any CPU
		{FFEA120B-8E1D-4931-A032-641EFADBDABE}.Debug|Any CPU.Build.0 = Debug|Any CPU
		{FFEA120B-8E1D-4931-A032-641EFADBDABE}.Release|Any CPU.ActiveCfg = Release|Any CPU
		{FFEA120B-8E1D-4931-A032-641EFADBDABE}.Release|Any CPU.Build.0 = Release|Any CPU
	EndGlobalSection
	GlobalSection(SolutionProperties) = preSolution
		HideSolutionNode = FALSE
	EndGlobalSection
EndGlobal
